
Microsoft Visual Studio Solution File, Format Version 12.00
# Visual Studio 14
VisualStudioVersion = 14.0.23107.0
MinimumVisualStudioVersion = 10.0.40219.1
Project("{FAE04EC0-301F-11D3-BF4B-00C04F79EFBC}") = "Subtle.Model", "Subtle.Model\Subtle.Model.csproj", "{F78C0D7A-0248-416B-A5EB-6B20E7F57CA9}"
EndProject
Project("{FAE04EC0-301F-11D3-BF4B-00C04F79EFBC}") = "Subtle.Gui", "Subtle.Gui\Subtle.Gui.csproj", "{2D632EA1-56C1-4910-9CCD-D6216FD65273}"
EndProject
Project("{FAE04EC0-301F-11D3-BF4B-00C04F79EFBC}") = "Subtle.Registry", "Subtle.Registry\Subtle.Registry.csproj", "{C499E32A-DAF7-4850-895C-7D0CD8CF2D6D}"
EndProject
Project("{FAE04EC0-301F-11D3-BF4B-00C04F79EFBC}") = "Subtle.Test", "Subtle.Test\Subtle.Test.csproj", "{CBB3A7E5-7963-4483-837C-BC81771A4CD1}"
EndProject
Project("{54435603-DBB4-11D2-8724-00A0C9A8B90C}") = "Subtle.Setup", "Subtle.Setup\Subtle.Setup.vdproj", "{C81CE0E9-BDE0-448A-892D-0D5F4E44403B}"
EndProject
Project("{FAE04EC0-301F-11D3-BF4B-00C04F79EFBC}") = "Subtle.Cli", "Subtle.Cli\Subtle.Cli.csproj", "{200DE0C5-DD57-4ADD-9E20-78156D04F1CA}"
EndProject
Global
	GlobalSection(SolutionConfigurationPlatforms) = preSolution
		Debug|Any CPU = Debug|Any CPU
		Release|Any CPU = Release|Any CPU
	EndGlobalSection
	GlobalSection(ProjectConfigurationPlatforms) = postSolution
		{F78C0D7A-0248-416B-A5EB-6B20E7F57CA9}.Debug|Any CPU.ActiveCfg = Debug|Any CPU
		{F78C0D7A-0248-416B-A5EB-6B20E7F57CA9}.Debug|Any CPU.Build.0 = Debug|Any CPU
		{F78C0D7A-0248-416B-A5EB-6B20E7F57CA9}.Release|Any CPU.ActiveCfg = Release|Any CPU
		{F78C0D7A-0248-416B-A5EB-6B20E7F57CA9}.Release|Any CPU.Build.0 = Release|Any CPU
		{2D632EA1-56C1-4910-9CCD-D6216FD65273}.Debug|Any CPU.ActiveCfg = Debug|Any CPU
		{2D632EA1-56C1-4910-9CCD-D6216FD65273}.Debug|Any CPU.Build.0 = Debug|Any CPU
		{2D632EA1-56C1-4910-9CCD-D6216FD65273}.Release|Any CPU.ActiveCfg = Release|Any CPU
		{2D632EA1-56C1-4910-9CCD-D6216FD65273}.Release|Any CPU.Build.0 = Release|Any CPU
		{C499E32A-DAF7-4850-895C-7D0CD8CF2D6D}.Debug|Any CPU.ActiveCfg = Debug|Any CPU
		{C499E32A-DAF7-4850-895C-7D0CD8CF2D6D}.Debug|Any CPU.Build.0 = Debug|Any CPU
		{C499E32A-DAF7-4850-895C-7D0CD8CF2D6D}.Release|Any CPU.ActiveCfg = Release|Any CPU
		{C499E32A-DAF7-4850-895C-7D0CD8CF2D6D}.Release|Any CPU.Build.0 = Release|Any CPU
		{CBB3A7E5-7963-4483-837C-BC81771A4CD1}.Debug|Any CPU.ActiveCfg = Debug|Any CPU
		{CBB3A7E5-7963-4483-837C-BC81771A4CD1}.Debug|Any CPU.Build.0 = Debug|Any CPU
		{CBB3A7E5-7963-4483-837C-BC81771A4CD1}.Release|Any CPU.ActiveCfg = Release|Any CPU
		{CBB3A7E5-7963-4483-837C-BC81771A4CD1}.Release|Any CPU.Build.0 = Release|Any CPU
		{C81CE0E9-BDE0-448A-892D-0D5F4E44403B}.Debug|Any CPU.ActiveCfg = Debug
		{C81CE0E9-BDE0-448A-892D-0D5F4E44403B}.Release|Any CPU.ActiveCfg = Release
		{200DE0C5-DD57-4ADD-9E20-78156D04F1CA}.Debug|Any CPU.ActiveCfg = Debug|Any CPU
		{200DE0C5-DD57-4ADD-9E20-78156D04F1CA}.Debug|Any CPU.Build.0 = Debug|Any CPU
		{200DE0C5-DD57-4ADD-9E20-78156D04F1CA}.Release|Any CPU.ActiveCfg = Release|Any CPU
		{200DE0C5-DD57-4ADD-9E20-78156D04F1CA}.Release|Any CPU.Build.0 = Release|Any CPU
	EndGlobalSection
	GlobalSection(SolutionProperties) = preSolution
		HideSolutionNode = FALSE
	EndGlobalSection
EndGlobal
