
Microsoft Visual Studio Solution File, Format Version 12.00
# Visual Studio 14
VisualStudioVersion = 14.0.23107.0
MinimumVisualStudioVersion = 10.0.40219.1
Project("{FAE04EC0-301F-11D3-BF4B-00C04F79EFBC}") = "Subtle.Model", "Subtle.Model\Subtle.Model.csproj", "{F78C0D7A-0248-416B-A5EB-6B20E7F57CA9}"
EndProject
Project("{FAE04EC0-301F-11D3-BF4B-00C04F79EFBC}") = "Subtle.UI", "Subtle.UI\Subtle.UI.csproj", "{2D632EA1-56C1-4910-9CCD-D6216FD65273}"
EndProject
Project("{FAE04EC0-301F-11D3-BF4B-00C04F79EFBC}") = "Subtle.Registry", "Subtle.Registry\Subtle.Registry.csproj", "{C499E32A-DAF7-4850-895C-7D0CD8CF2D6D}"
EndProject
Project("{FAE04EC0-301F-11D3-BF4B-00C04F79EFBC}") = "Subtle.Test", "Subtle.Test\Subtle.Test.csproj", "{CBB3A7E5-7963-4483-837C-BC81771A4CD1}"
EndProject
Global
	GlobalSection(SolutionConfigurationPlatforms) = preSolution
		Debug|Any CPU = Debug|Any CPU
		Release|Any CPU = Release|Any CPU
	EndGlobalSection
	GlobalSection(ProjectConfigurationPlatforms) = postSolution
		{F78C0D7A-0248-416B-A5EB-6B20E7F57CA9}.Debug|Any CPU.ActiveCfg = Debug|Any CPU
		{F78C0D7A-0248-416B-A5EB-6B20E7F57CA9}.Debug|Any CPU.Build.0 = Debug|Any CPU
		{F78C0D7A-0248-416B-A5EB-6B20E7F57CA9}.Release|Any CPU.ActiveCfg = Release|Any CPU
		{F78C0D7A-0248-416B-A5EB-6B20E7F57CA9}.Release|Any CPU.Build.0 = Release|Any CPU
		{2D632EA1-56C1-4910-9CCD-D6216FD65273}.Debug|Any CPU.ActiveCfg = Debug|Any CPU
		{2D632EA1-56C1-4910-9CCD-D6216FD65273}.Debug|Any CPU.Build.0 = Debug|Any CPU
		{2D632EA1-56C1-4910-9CCD-D6216FD65273}.Release|Any CPU.ActiveCfg = Release|Any CPU
		{2D632EA1-56C1-4910-9CCD-D6216FD65273}.Release|Any CPU.Build.0 = Release|Any CPU
		{C499E32A-DAF7-4850-895C-7D0CD8CF2D6D}.Debug|Any CPU.ActiveCfg = Debug|Any CPU
		{C499E32A-DAF7-4850-895C-7D0CD8CF2D6D}.Debug|Any CPU.Build.0 = Debug|Any CPU
		{C499E32A-DAF7-4850-895C-7D0CD8CF2D6D}.Release|Any CPU.ActiveCfg = Release|Any CPU
		{C499E32A-DAF7-4850-895C-7D0CD8CF2D6D}.Release|Any CPU.Build.0 = Release|Any CPU
		{CBB3A7E5-7963-4483-837C-BC81771A4CD1}.Debug|Any CPU.ActiveCfg = Debug|Any CPU
		{CBB3A7E5-7963-4483-837C-BC81771A4CD1}.Debug|Any CPU.Build.0 = Debug|Any CPU
		{CBB3A7E5-7963-4483-837C-BC81771A4CD1}.Release|Any CPU.ActiveCfg = Release|Any CPU
		{CBB3A7E5-7963-4483-837C-BC81771A4CD1}.Release|Any CPU.Build.0 = Release|Any CPU
	EndGlobalSection
	GlobalSection(SolutionProperties) = preSolution
		HideSolutionNode = FALSE
	EndGlobalSection
EndGlobal
